
Microsoft Visual Studio Solution File, Format Version 12.00
# Visual Studio Version 16
VisualStudioVersion = 16.0.30804.86
MinimumVisualStudioVersion = 10.0.40219.1
Project("{FAE04EC0-301F-11D3-BF4B-00C04F79EFBC}") = "Employee", "Employee.csproj", "{2C12D1E7-6735-450F-988A-7843DD32BF94}"
EndProject
Global
	GlobalSection(SolutionConfigurationPlatforms) = preSolution
		Debug|Any CPU = Debug|Any CPU
		Release|Any CPU = Release|Any CPU
	EndGlobalSection
	GlobalSection(ProjectConfigurationPlatforms) = postSolution
		{2C12D1E7-6735-450F-988A-7843DD32BF94}.Debug|Any CPU.ActiveCfg = Debug|Any CPU
		{2C12D1E7-6735-450F-988A-7843DD32BF94}.Debug|Any CPU.Build.0 = Debug|Any CPU
		{2C12D1E7-6735-450F-988A-7843DD32BF94}.Release|Any CPU.ActiveCfg = Release|Any CPU
		{2C12D1E7-6735-450F-988A-7843DD32BF94}.Release|Any CPU.Build.0 = Release|Any CPU
	EndGlobalSection
	GlobalSection(SolutionProperties) = preSolution
		HideSolutionNode = FALSE
	EndGlobalSection
	GlobalSection(ExtensibilityGlobals) = postSolution
		SolutionGuid = {268DE833-C957-493C-BD71-D162A5B08EA9}
	EndGlobalSection
EndGlobal
