
Microsoft Visual Studio Solution File, Format Version 12.00
# Visual Studio Version 16
VisualStudioVersion = 16.0.30907.101
MinimumVisualStudioVersion = 10.0.40219.1
Project("{9A19103F-16F7-4668-BE54-9A1E7A4F7556}") = "Exercicios", "Exercicios.csproj", "{E0DFAD7A-E71E-4DCB-A218-087046796CE9}"
EndProject
Project("{FAE04EC0-301F-11D3-BF4B-00C04F79EFBC}") = "Tests", "..\Tests\Tests\Tests.csproj", "{390FEFC2-BDAA-4C31-AC45-08B69C1D09C0}"
EndProject
Global
	GlobalSection(SolutionConfigurationPlatforms) = preSolution
		Debug|Any CPU = Debug|Any CPU
		Debug|ARM = Debug|ARM
		Debug|ARM64 = Debug|ARM64
		Debug|x64 = Debug|x64
		Debug|x86 = Debug|x86
		Release|Any CPU = Release|Any CPU
		Release|ARM = Release|ARM
		Release|ARM64 = Release|ARM64
		Release|x64 = Release|x64
		Release|x86 = Release|x86
	EndGlobalSection
	GlobalSection(ProjectConfigurationPlatforms) = postSolution
		{E0DFAD7A-E71E-4DCB-A218-087046796CE9}.Debug|Any CPU.ActiveCfg = Debug|Any CPU
		{E0DFAD7A-E71E-4DCB-A218-087046796CE9}.Debug|Any CPU.Build.0 = Debug|Any CPU
		{E0DFAD7A-E71E-4DCB-A218-087046796CE9}.Debug|ARM.ActiveCfg = Debug|Any CPU
		{E0DFAD7A-E71E-4DCB-A218-087046796CE9}.Debug|ARM.Build.0 = Debug|Any CPU
		{E0DFAD7A-E71E-4DCB-A218-087046796CE9}.Debug|ARM64.ActiveCfg = Debug|Any CPU
		{E0DFAD7A-E71E-4DCB-A218-087046796CE9}.Debug|ARM64.Build.0 = Debug|Any CPU
		{E0DFAD7A-E71E-4DCB-A218-087046796CE9}.Debug|x64.ActiveCfg = Debug|Any CPU
		{E0DFAD7A-E71E-4DCB-A218-087046796CE9}.Debug|x64.Build.0 = Debug|Any CPU
		{E0DFAD7A-E71E-4DCB-A218-087046796CE9}.Debug|x86.ActiveCfg = Debug|Any CPU
		{E0DFAD7A-E71E-4DCB-A218-087046796CE9}.Debug|x86.Build.0 = Debug|Any CPU
		{E0DFAD7A-E71E-4DCB-A218-087046796CE9}.Release|Any CPU.ActiveCfg = Release|Any CPU
		{E0DFAD7A-E71E-4DCB-A218-087046796CE9}.Release|Any CPU.Build.0 = Release|Any CPU
		{E0DFAD7A-E71E-4DCB-A218-087046796CE9}.Release|ARM.ActiveCfg = Release|Any CPU
		{E0DFAD7A-E71E-4DCB-A218-087046796CE9}.Release|ARM.Build.0 = Release|Any CPU
		{E0DFAD7A-E71E-4DCB-A218-087046796CE9}.Release|ARM64.ActiveCfg = Release|Any CPU
		{E0DFAD7A-E71E-4DCB-A218-087046796CE9}.Release|ARM64.Build.0 = Release|Any CPU
		{E0DFAD7A-E71E-4DCB-A218-087046796CE9}.Release|x64.ActiveCfg = Release|Any CPU
		{E0DFAD7A-E71E-4DCB-A218-087046796CE9}.Release|x64.Build.0 = Release|Any CPU
		{E0DFAD7A-E71E-4DCB-A218-087046796CE9}.Release|x86.ActiveCfg = Release|Any CPU
		{E0DFAD7A-E71E-4DCB-A218-087046796CE9}.Release|x86.Build.0 = Release|Any CPU
		{390FEFC2-BDAA-4C31-AC45-08B69C1D09C0}.Debug|Any CPU.ActiveCfg = Debug|Any CPU
		{390FEFC2-BDAA-4C31-AC45-08B69C1D09C0}.Debug|Any CPU.Build.0 = Debug|Any CPU
		{390FEFC2-BDAA-4C31-AC45-08B69C1D09C0}.Debug|ARM.ActiveCfg = Debug|Any CPU
		{390FEFC2-BDAA-4C31-AC45-08B69C1D09C0}.Debug|ARM.Build.0 = Debug|Any CPU
		{390FEFC2-BDAA-4C31-AC45-08B69C1D09C0}.Debug|ARM64.ActiveCfg = Debug|Any CPU
		{390FEFC2-BDAA-4C31-AC45-08B69C1D09C0}.Debug|ARM64.Build.0 = Debug|Any CPU
		{390FEFC2-BDAA-4C31-AC45-08B69C1D09C0}.Debug|x64.ActiveCfg = Debug|Any CPU
		{390FEFC2-BDAA-4C31-AC45-08B69C1D09C0}.Debug|x64.Build.0 = Debug|Any CPU
		{390FEFC2-BDAA-4C31-AC45-08B69C1D09C0}.Debug|x86.ActiveCfg = Debug|Any CPU
		{390FEFC2-BDAA-4C31-AC45-08B69C1D09C0}.Debug|x86.Build.0 = Debug|Any CPU
		{390FEFC2-BDAA-4C31-AC45-08B69C1D09C0}.Release|Any CPU.ActiveCfg = Release|Any CPU
		{390FEFC2-BDAA-4C31-AC45-08B69C1D09C0}.Release|Any CPU.Build.0 = Release|Any CPU
		{390FEFC2-BDAA-4C31-AC45-08B69C1D09C0}.Release|ARM.ActiveCfg = Release|Any CPU
		{390FEFC2-BDAA-4C31-AC45-08B69C1D09C0}.Release|ARM.Build.0 = Release|Any CPU
		{390FEFC2-BDAA-4C31-AC45-08B69C1D09C0}.Release|ARM64.ActiveCfg = Release|Any CPU
		{390FEFC2-BDAA-4C31-AC45-08B69C1D09C0}.Release|ARM64.Build.0 = Release|Any CPU
		{390FEFC2-BDAA-4C31-AC45-08B69C1D09C0}.Release|x64.ActiveCfg = Release|Any CPU
		{390FEFC2-BDAA-4C31-AC45-08B69C1D09C0}.Release|x64.Build.0 = Release|Any CPU
		{390FEFC2-BDAA-4C31-AC45-08B69C1D09C0}.Release|x86.ActiveCfg = Release|Any CPU
		{390FEFC2-BDAA-4C31-AC45-08B69C1D09C0}.Release|x86.Build.0 = Release|Any CPU
	EndGlobalSection
	GlobalSection(SolutionProperties) = preSolution
		HideSolutionNode = FALSE
	EndGlobalSection
	GlobalSection(ExtensibilityGlobals) = postSolution
		SolutionGuid = {932DA467-1F10-4CC9-AB49-BA3100CB18BF}
	EndGlobalSection
EndGlobal
